
Microsoft Visual Studio Solution File, Format Version 12.00
# Visual Studio Version 17
VisualStudioVersion = 17.2.32602.215
MinimumVisualStudioVersion = 10.0.40219.1
Project("{FAE04EC0-301F-11D3-BF4B-00C04F79EFBC}") = "Asp-Practise-HomeEdu", "Asp-Practise-HomeEdu\Asp-Practise-HomeEdu.csproj", "{20E88D5E-EC4D-40C4-BAD8-5639B3B36073}"
EndProject
Global
	GlobalSection(SolutionConfigurationPlatforms) = preSolution
		Debug|Any CPU = Debug|Any CPU
		Release|Any CPU = Release|Any CPU
	EndGlobalSection
	GlobalSection(ProjectConfigurationPlatforms) = postSolution
		{20E88D5E-EC4D-40C4-BAD8-5639B3B36073}.Debug|Any CPU.ActiveCfg = Debug|Any CPU
		{20E88D5E-EC4D-40C4-BAD8-5639B3B36073}.Debug|Any CPU.Build.0 = Debug|Any CPU
		{20E88D5E-EC4D-40C4-BAD8-5639B3B36073}.Release|Any CPU.ActiveCfg = Release|Any CPU
		{20E88D5E-EC4D-40C4-BAD8-5639B3B36073}.Release|Any CPU.Build.0 = Release|Any CPU
	EndGlobalSection
	GlobalSection(SolutionProperties) = preSolution
		HideSolutionNode = FALSE
	EndGlobalSection
	GlobalSection(ExtensibilityGlobals) = postSolution
		SolutionGuid = {C2F57EC7-D6FA-4DB4-AC0D-0F473CC204F6}
	EndGlobalSection
EndGlobal
